
Microsoft Visual Studio Solution File, Format Version 12.00
# Visual Studio 15
VisualStudioVersion = 15.0.27703.2026
MinimumVisualStudioVersion = 10.0.40219.1
Project("{FAE04EC0-301F-11D3-BF4B-00C04F79EFBC}") = "Calculator.api", "Calculator\Calculator.api.csproj", "{52F9824C-7608-45DA-96B3-52C3A04E9302}"
EndProject
Project("{FAE04EC0-301F-11D3-BF4B-00C04F79EFBC}") = "Calculator.Tests", "Calculator.Tests\Calculator.Tests.csproj", "{C7143ACB-2320-42AA-88E1-889EA176F6FD}"
EndProject
Project("{FAE04EC0-301F-11D3-BF4B-00C04F79EFBC}") = "Calculator.Logic", "Calculator.Logic\Calculator.Logic.csproj", "{EFE0A4F4-D4BE-4ECC-AC18-CA86EA2784FC}"
EndProject
Project("{FAE04EC0-301F-11D3-BF4B-00C04F79EFBC}") = "Calculator.Common", "Calculator.Common\Calculator.Common.csproj", "{6AC9EAD0-888E-402A-846B-46FB2D4191EA}"
EndProject
Project("{FAE04EC0-301F-11D3-BF4B-00C04F79EFBC}") = "Calculator.Data", "Calculator.Data\Calculator.Data.csproj", "{0BBCB1EC-2A94-4C2F-84D7-20413773A9CC}"
EndProject
Global
	GlobalSection(SolutionConfigurationPlatforms) = preSolution
		Debug|Any CPU = Debug|Any CPU
		Release|Any CPU = Release|Any CPU
	EndGlobalSection
	GlobalSection(ProjectConfigurationPlatforms) = postSolution
		{52F9824C-7608-45DA-96B3-52C3A04E9302}.Debug|Any CPU.ActiveCfg = Debug|Any CPU
		{52F9824C-7608-45DA-96B3-52C3A04E9302}.Debug|Any CPU.Build.0 = Debug|Any CPU
		{52F9824C-7608-45DA-96B3-52C3A04E9302}.Release|Any CPU.ActiveCfg = Release|Any CPU
		{52F9824C-7608-45DA-96B3-52C3A04E9302}.Release|Any CPU.Build.0 = Release|Any CPU
		{C7143ACB-2320-42AA-88E1-889EA176F6FD}.Debug|Any CPU.ActiveCfg = Debug|Any CPU
		{C7143ACB-2320-42AA-88E1-889EA176F6FD}.Debug|Any CPU.Build.0 = Debug|Any CPU
		{C7143ACB-2320-42AA-88E1-889EA176F6FD}.Release|Any CPU.ActiveCfg = Release|Any CPU
		{C7143ACB-2320-42AA-88E1-889EA176F6FD}.Release|Any CPU.Build.0 = Release|Any CPU
		{EFE0A4F4-D4BE-4ECC-AC18-CA86EA2784FC}.Debug|Any CPU.ActiveCfg = Debug|Any CPU
		{EFE0A4F4-D4BE-4ECC-AC18-CA86EA2784FC}.Debug|Any CPU.Build.0 = Debug|Any CPU
		{EFE0A4F4-D4BE-4ECC-AC18-CA86EA2784FC}.Release|Any CPU.ActiveCfg = Release|Any CPU
		{EFE0A4F4-D4BE-4ECC-AC18-CA86EA2784FC}.Release|Any CPU.Build.0 = Release|Any CPU
		{6AC9EAD0-888E-402A-846B-46FB2D4191EA}.Debug|Any CPU.ActiveCfg = Debug|Any CPU
		{6AC9EAD0-888E-402A-846B-46FB2D4191EA}.Debug|Any CPU.Build.0 = Debug|Any CPU
		{6AC9EAD0-888E-402A-846B-46FB2D4191EA}.Release|Any CPU.ActiveCfg = Release|Any CPU
		{6AC9EAD0-888E-402A-846B-46FB2D4191EA}.Release|Any CPU.Build.0 = Release|Any CPU
		{0BBCB1EC-2A94-4C2F-84D7-20413773A9CC}.Debug|Any CPU.ActiveCfg = Debug|Any CPU
		{0BBCB1EC-2A94-4C2F-84D7-20413773A9CC}.Debug|Any CPU.Build.0 = Debug|Any CPU
		{0BBCB1EC-2A94-4C2F-84D7-20413773A9CC}.Release|Any CPU.ActiveCfg = Release|Any CPU
		{0BBCB1EC-2A94-4C2F-84D7-20413773A9CC}.Release|Any CPU.Build.0 = Release|Any CPU
	EndGlobalSection
	GlobalSection(SolutionProperties) = preSolution
		HideSolutionNode = FALSE
	EndGlobalSection
	GlobalSection(ExtensibilityGlobals) = postSolution
		SolutionGuid = {82BA75C5-380A-4919-9D5B-5C86D40FFDC9}
	EndGlobalSection
EndGlobal
